github.com/hashicorp/terraform-plugin-framework v1.15.0 h1:LQ2rsOfmDLxcn5EeIwdXFtr03FVsNktbbBci8cOKdb4=
github.com/hashicorp/terraform-plugin-framework v1.15.0/go.mod h1:hxrNI/GY32KPISpWqlCoTLM9JZsGH3CyYlir09bD/fI=
github.com/hashicorp/terraform-plugin-log v0.9.0 h1:i7hOA+vdAItN1/7UrfBqBwvYPQ9TFvymaRGZED3FCV0=
github.com/hashicorp/terraform-plugin-log v0.9.0/go.mod h1:rKL8egZQ/eXSyDqzLUuwUYLVdlYeamldAHSxjUFADow=
github.com/hashicorp/terraform-plugin-testing v1.13.2 h1:mSotG4Odl020vRjIenA3rggwo6Kg6XCKIwtRhYgp+/M=
github.com/hashicorp/terraform-plugin-testing v1.13.2/go.mod h1:WHQ9FDdiLoneey2/QHpGM/6SAYf4A7AZazVg7230pLE=
